
Microsoft Visual Studio Solution File, Format Version 12.00
# Visual Studio Version 17
VisualStudioVersion = 17.9.34714.143
MinimumVisualStudioVersion = 10.0.40219.1
Project("{FAE04EC0-301F-11D3-BF4B-00C04F79EFBC}") = "VueApp_API", "VueApp_API.csproj", "{06DA15B2-8876-4DF6-A56E-1ED372B967B8}"
EndProject
Global
	GlobalSection(SolutionConfigurationPlatforms) = preSolution
		Debug|Any CPU = Debug|Any CPU
		Release|Any CPU = Release|Any CPU
	EndGlobalSection
	GlobalSection(ProjectConfigurationPlatforms) = postSolution
		{06DA15B2-8876-4DF6-A56E-1ED372B967B8}.Debug|Any CPU.ActiveCfg = Debug|Any CPU
		{06DA15B2-8876-4DF6-A56E-1ED372B967B8}.Debug|Any CPU.Build.0 = Debug|Any CPU
		{06DA15B2-8876-4DF6-A56E-1ED372B967B8}.Release|Any CPU.ActiveCfg = Release|Any CPU
		{06DA15B2-8876-4DF6-A56E-1ED372B967B8}.Release|Any CPU.Build.0 = Release|Any CPU
	EndGlobalSection
	GlobalSection(SolutionProperties) = preSolution
		HideSolutionNode = FALSE
	EndGlobalSection
	GlobalSection(ExtensibilityGlobals) = postSolution
		SolutionGuid = {314172FE-6002-4E72-9C4F-CB5D4676A98F}
	EndGlobalSection
EndGlobal
